// !$*UTF8*$!
{
	archiveVersion = 1;
	classes = {
	};
	objectVersion = 77;
	objects = {

/* Begin PBXContainerItemProxy section */
		C17F09D52E73564100F37728 /* PBXContainerItemProxy */ = {
			isa = PBXContainerItemProxy;
			containerPortal = C17F09BF2E73563F00F37728 /* Project object */;
			proxyType = 1;
			remoteGlobalIDString = C17F09C62E73563F00F37728;
			remoteInfo = FantasyApp;
		};
		C17F09DF2E73564100F37728 /* PBXContainerItemProxy */ = {
			isa = PBXContainerItemProxy;
			containerPortal = C17F09BF2E73563F00F37728 /* Project object */;
			proxyType = 1;
			remoteGlobalIDString = C17F09C62E73563F00F37728;
			remoteInfo = FantasyApp;
		};
/* End PBXContainerItemProxy section */

/* Begin PBXFileReference section */
		C17F09C72E73563F00F37728 /* FantasyApp.app */ = {isa = PBXFileReference; explicitFileType = wrapper.application; includeInIndex = 0; path = FantasyApp.app; sourceTree = BUILT_PRODUCTS_DIR; };
		C17F09D42E73564100F37728 /* FantasyAppTests.xctest */ = {isa = PBXFileReference; explicitFileType = wrapper.cfbundle; includeInIndex = 0; path = FantasyAppTests.xctest; sourceTree = BUILT_PRODUCTS_DIR; };
		C17F09DE2E73564100F37728 /* FantasyAppUITests.xctest */ = {isa = PBXFileReference; explicitFileType = wrapper.cfbundle; includeInIndex = 0; path = FantasyAppUITests.xctest; sourceTree = BUILT_PRODUCTS_DIR; };
/* End PBXFileReference section */

/* Begin PBXFileSystemSynchronizedRootGroup section */
		C17F09C92E73563F00F37728 /* FantasyApp */ = {
			isa = PBXFileSystemSynchronizedRootGroup;
			path = FantasyApp;
			sourceTree = "<group>";
		};
		C17F09D72E73564100F37728 /* FantasyAppTests */ = {
			isa = PBXFileSystemSynchronizedRootGroup;
			path = FantasyAppTests;
			sourceTree = "<group>";
		};
		C17F09E12E73564100F37728 /* FantasyAppUITests */ = {
			isa = PBXFileSystemSynchronizedRootGroup;
			path = FantasyAppUITests;
			sourceTree = "<group>";
		};
/* End PBXFileSystemSynchronizedRootGroup section */

/* Begin PBXFrameworksBuildPhase section */
		C17F09C42E73563F00F37728 /* Frameworks */ = {
			isa = PBXFrameworksBuildPhase;
			buildActionMask = 2147483647;
			files = (
			);
			runOnlyForDeploymentPostprocessing = 0;
		};
		C17F09D12E73564100F37728 /* Frameworks */ = {
			isa = PBXFrameworksBuildPhase;
			buildActionMask = 2147483647;
			files = (
			);
			runOnlyForDeploymentPostprocessing = 0;
		};
		C17F09DB2E73564100F37728 /* Frameworks */ = {
			isa = PBXFrameworksBuildPhase;
			buildActionMask = 2147483647;
			files = (
			);
			runOnlyForDeploymentPostprocessing = 0;
		};
/* End PBXFrameworksBuildPhase section */

/* Begin PBXGroup section */
		C17F09BE2E73563F00F37728 = {
			isa = PBXGroup;
			children = (
				C17F09C92E73563F00F37728 /* FantasyApp */,
				C17F09D72E73564100F37728 /* FantasyAppTests */,
				C17F09E12E73564100F37728 /* FantasyAppUITests */,
				C17F09C82E73563F00F37728 /* Products */,
			);
			sourceTree = "<group>";
		};
		C17F09C82E73563F00F37728 /* Products */ = {
			isa = PBXGroup;
			children = (
				C17F09C72E73563F00F37728 /* FantasyApp.app */,
				C17F09D42E73564100F37728 /* FantasyAppTests.xctest */,
				C17F09DE2E73564100F37728 /* FantasyAppUITests.xctest */,
			);
			name = Products;
			sourceTree = "<group>";
		};
/* End PBXGroup section */

/* Begin PBXNativeTarget section */
		C17F09C62E73563F00F37728 /* FantasyApp */ = {
			isa = PBXNativeTarget;
			buildConfigurationList = C17F09E82E73564100F37728 /* Build configuration list for PBXNativeTarget "FantasyApp" */;
			buildPhases = (
				C17F09C32E73563F00F37728 /* Sources */,
				C17F09C42E73563F00F37728 /* Frameworks */,
				C17F09C52E73563F00F37728 /* Resources */,
			);
			buildRules = (
			);
			dependencies = (
			);
			fileSystemSynchronizedGroups = (
				C17F09C92E73563F00F37728 /* FantasyApp */,
			);
			name = FantasyApp;
			packageProductDependencies = (
			);
			productName = FantasyApp;
			productReference = C17F09C72E73563F00F37728 /* FantasyApp.app */;
			productType = "com.apple.product-type.application";
		};
		C17F09D32E73564100F37728 /* FantasyAppTests */ = {
			isa = PBXNativeTarget;
			buildConfigurationList = C17F09EB2E73564100F37728 /* Build configuration list for PBXNativeTarget "FantasyAppTests" */;
			buildPhases = (
				C17F09D02E73564100F37728 /* Sources */,
				C17F09D12E73564100F37728 /* Frameworks */,
				C17F09D22E73564100F37728 /* Resources */,
			);
			buildRules = (
			);
			dependencies = (
				C17F09D62E73564100F37728 /* PBXTargetDependency */,
			);
			fileSystemSynchronizedGroups = (
				C17F09D72E73564100F37728 /* FantasyAppTests */,
			);
			name = FantasyAppTests;
			packageProductDependencies = (
			);
			productName = FantasyAppTests;
			productReference = C17F09D42E73564100F37728 /* FantasyAppTests.xctest */;
			productType = "com.apple.product-type.bundle.unit-test";
		};
		C17F09DD2E73564100F37728 /* FantasyAppUITests */ = {
			isa = PBXNativeTarget;
			buildConfigurationList = C17F09EE2E73564100F37728 /* Build configuration list for PBXNativeTarget "FantasyAppUITests" */;
			buildPhases = (
				C17F09DA2E73564100F37728 /* Sources */,
				C17F09DB2E73564100F37728 /* Frameworks */,
				C17F09DC2E73564100F37728 /* Resources */,
			);
			buildRules = (
			);
			dependencies = (
				C17F09E02E73564100F37728 /* PBXTargetDependency */,
			);
			fileSystemSynchronizedGroups = (
				C17F09E12E73564100F37728 /* FantasyAppUITests */,
			);
			name = FantasyAppUITests;
			packageProductDependencies = (
			);
			productName = FantasyAppUITests;
			productReference = C17F09DE2E73564100F37728 /* FantasyAppUITests.xctest */;
			productType = "com.apple.product-type.bundle.ui-testing";
		};
/* End PBXNativeTarget section */

/* Begin PBXProject section */
		C17F09BF2E73563F00F37728 /* Project object */ = {
			isa = PBXProject;
			attributes = {
				BuildIndependentTargetsInParallel = 1;
				LastSwiftUpdateCheck = 1640;
				LastUpgradeCheck = 1640;
				TargetAttributes = {
					C17F09C62E73563F00F37728 = {
						CreatedOnToolsVersion = 16.4;
					};
					C17F09D32E73564100F37728 = {
						CreatedOnToolsVersion = 16.4;
						TestTargetID = C17F09C62E73563F00F37728;
					};
					C17F09DD2E73564100F37728 = {
						CreatedOnToolsVersion = 16.4;
						TestTargetID = C17F09C62E73563F00F37728;
					};
				};
			};
			buildConfigurationList = C17F09C22E73563F00F37728 /* Build configuration list for PBXProject "FantasyApp" */;
			developmentRegion = en;
			hasScannedForEncodings = 0;
			knownRegions = (
				en,
				Base,
			);
			mainGroup = C17F09BE2E73563F00F37728;
			minimizedProjectReferenceProxies = 1;
			preferredProjectObjectVersion = 77;
			productRefGroup = C17F09C82E73563F00F37728 /* Products */;
			projectDirPath = "";
			projectRoot = "";
			targets = (
				C17F09C62E73563F00F37728 /* FantasyApp */,
				C17F09D32E73564100F37728 /* FantasyAppTests */,
				C17F09DD2E73564100F37728 /* FantasyAppUITests */,
			);
		};
/* End PBXProject section */

/* Begin PBXResourcesBuildPhase section */
		C17F09C52E73563F00F37728 /* Resources */ = {
			isa = PBXResourcesBuildPhase;
			buildActionMask = 2147483647;
			files = (
			);
			runOnlyForDeploymentPostprocessing = 0;
		};
		C17F09D22E73564100F37728 /* Resources */ = {
			isa = PBXResourcesBuildPhase;
			buildActionMask = 2147483647;
			files = (
			);
			runOnlyForDeploymentPostprocessing = 0;
		};
		C17F09DC2E73564100F37728 /* Resources */ = {
			isa = PBXResourcesBuildPhase;
			buildActionMask = 2147483647;
			files = (
			);
			runOnlyForDeploymentPostprocessing = 0;
		};
/* End PBXResourcesBuildPhase section */

/* Begin PBXSourcesBuildPhase section */
		C17F09C32E73563F00F37728 /* Sources */ = {
			isa = PBXSourcesBuildPhase;
			buildActionMask = 2147483647;
			files = (
			);
			runOnlyForDeploymentPostprocessing = 0;
		};
		C17F09D02E73564100F37728 /* Sources */ = {
			isa = PBXSourcesBuildPhase;
			buildActionMask = 2147483647;
			files = (
			);
			runOnlyForDeploymentPostprocessing = 0;
		};
		C17F09DA2E73564100F37728 /* Sources */ = {
			isa = PBXSourcesBuildPhase;
			buildActionMask = 2147483647;
			files = (
			);
			runOnlyForDeploymentPostprocessing = 0;
		};
/* End PBXSourcesBuildPhase section */

/* Begin PBXTargetDependency section */
		C17F09D62E73564100F37728 /* PBXTargetDependency */ = {
			isa = PBXTargetDependency;
			target = C17F09C62E73563F00F37728 /* FantasyApp */;
			targetProxy = C17F09D52E73564100F37728 /* PBXContainerItemProxy */;
		};
		C17F09E02E73564100F37728 /* PBXTargetDependency */ = {
			isa = PBXTargetDependency;
			target = C17F09C62E73563F00F37728 /* FantasyApp */;
			targetProxy = C17F09DF2E73564100F37728 /* PBXContainerItemProxy */;
		};
/* End PBXTargetDependency section */

/* Begin XCBuildConfiguration section */
		C17F09E62E73564100F37728 /* Debug */ = {
			isa = XCBuildConfiguration;
			buildSettings = {
				ALWAYS_SEARCH_USER_PATHS = NO;
				ASSETCATALOG_COMPILER_GENERATE_SWIFT_ASSET_SYMBOL_EXTENSIONS = YES;
				CLANG_ANALYZER_NONNULL = YES;
				CLANG_ANALYZER_NUMBER_OBJECT_CONVERSION = YES_AGGRESSIVE;
				CLANG_CXX_LANGUAGE_STANDARD = "gnu++20";
				CLANG_ENABLE_MODULES = YES;
				CLANG_ENABLE_OBJC_ARC = YES;
				CLANG_ENABLE_OBJC_WEAK = YES;
				CLANG_WARN_BLOCK_CAPTURE_AUTORELEASING = YES;
				CLANG_WARN_BOOL_CONVERSION = YES;
				CLANG_WARN_COMMA = YES;
				CLANG_WARN_CONSTANT_CONVERSION = YES;
				CLANG_WARN_DEPRECATED_OBJC_IMPLEMENTATIONS = YES;
				CLANG_WARN_DIRECT_OBJC_ISA_USAGE = YES_ERROR;
				CLANG_WARN_DOCUMENTATION_COMMENTS = YES;
				CLANG_WARN_EMPTY_BODY = YES;
				CLANG_WARN_ENUM_CONVERSION = YES;
				CLANG_WARN_INFINITE_RECURSION = YES;
				CLANG_WARN_INT_CONVERSION = YES;
				CLANG_WARN_NON_LITERAL_NULL_CONVERSION = YES;
				CLANG_WARN_OBJC_IMPLICIT_RETAIN_SELF = YES;
				CLANG_WARN_OBJC_LITERAL_CONVERSION = YES;
				CLANG_WARN_OBJC_ROOT_CLASS = YES_ERROR;
				CLANG_WARN_QUOTED_INCLUDE_IN_FRAMEWORK_HEADER = YES;
				CLANG_WARN_RANGE_LOOP_ANALYSIS = YES;
				CLANG_WARN_STRICT_PROTOTYPES = YES;
				CLANG_WARN_SUSPICIOUS_MOVE = YES;
				CLANG_WARN_UNGUARDED_AVAILABILITY = YES_AGGRESSIVE;
				CLANG_WARN_UNREACHABLE_CODE = YES;
				CLANG_WARN__DUPLICATE_METHOD_MATCH = YES;
				COPY_PHASE_STRIP = NO;
				DEBUG_INFORMATION_FORMAT = dwarf;
				ENABLE_STRICT_OBJC_MSGSEND = YES;
				ENABLE_TESTABILITY = YES;
				ENABLE_USER_SCRIPT_SANDBOXING = YES;
				GCC_C_LANGUAGE_STANDARD = gnu17;
				GCC_DYNAMIC_NO_PIC = NO;
				GCC_NO_COMMON_BLOCKS = YES;
				GCC_OPTIMIZATION_LEVEL = 0;
				GCC_PREPROCESSOR_DEFINITIONS = (
					"DEBUG=1",
					"$(inherited)",
				);
				GCC_WARN_64_TO_32_BIT_CONVERSION = YES;
				GCC_WARN_ABOUT_RETURN_TYPE = YES_ERROR;
				GCC_WARN_UNDECLARED_SELECTOR = YES;
				GCC_WARN_UNINITIALIZED_AUTOS = YES_AGGRESSIVE;
				GCC_WARN_UNUSED_FUNCTION = YES;
				GCC_WARN_UNUSED_VARIABLE = YES;
				IPHONEOS_DEPLOYMENT_TARGET = 18.5;
				LOCALIZATION_PREFERS_STRING_CATALOGS = YES;
				MTL_ENABLE_DEBUG_INFO = INCLUDE_SOURCE;
				MTL_FAST_MATH = YES;
				ONLY_ACTIVE_ARCH = YES;
				SDKROOT = iphoneos;
				SWIFT_ACTIVE_COMPILATION_CONDITIONS = "DEBUG $(inherited)";
				SWIFT_OPTIMIZATION_LEVEL = "-Onone";
			};
			name = Debug;
		};
		C17F09E72E73564100F37728 /* Release */ = {
			isa = XCBuildConfiguration;
			buildSettings = {
				ALWAYS_SEARCH_USER_PATHS = NO;
				ASSETCATALOG_COMPILER_GENERATE_SWIFT_ASSET_SYMBOL_EXTENSIONS = YES;
				CLANG_ANALYZER_NONNULL = YES;
				CLANG_ANALYZER_NUMBER_OBJECT_CONVERSION = YES_AGGRESSIVE;
				CLANG_CXX_LANGUAGE_STANDARD = "gnu++20";
				CLANG_ENABLE_MODULES = YES;
				CLANG_ENABLE_OBJC_ARC = YES;
				CLANG_ENABLE_OBJC_WEAK = YES;
				CLANG_WARN_BLOCK_CAPTURE_AUTORELEASING = YES;
				CLANG_WARN_BOOL_CONVERSION = YES;
				CLANG_WARN_COMMA = YES;
				CLANG_WARN_CONSTANT_CONVERSION = YES;
				CLANG_WARN_DEPRECATED_OBJC_IMPLEMENTATIONS = YES;
				CLANG_WARN_DIRECT_OBJC_ISA_USAGE = YES_ERROR;
				CLANG_WARN_DOCUMENTATION_COMMENTS = YES;
				CLANG_WARN_EMPTY_BODY = YES;
				CLANG_WARN_ENUM_CONVERSION = YES;
				CLANG_WARN_INFINITE_RECURSION = YES;
				CLANG_WARN_INT_CONVERSION = YES;
				CLANG_WARN_NON_LITERAL_NULL_CONVERSION = YES;
				CLANG_WARN_OBJC_IMPLICIT_RETAIN_SELF = YES;
				CLANG_WARN_OBJC_LITERAL_CONVERSION = YES;
				CLANG_WARN_OBJC_ROOT_CLASS = YES_ERROR;
				CLANG_WARN_QUOTED_INCLUDE_IN_FRAMEWORK_HEADER = YES;
				CLANG_WARN_RANGE_LOOP_ANALYSIS = YES;
				CLANG_WARN_STRICT_PROTOTYPES = YES;
				CLANG_WARN_SUSPICIOUS_MOVE = YES;
				CLANG_WARN_UNGUARDED_AVAILABILITY = YES_AGGRESSIVE;
				CLANG_WARN_UNREACHABLE_CODE = YES;
				CLANG_WARN__DUPLICATE_METHOD_MATCH = YES;
				COPY_PHASE_STRIP = NO;
				DEBUG_INFORMATION_FORMAT = "dwarf-with-dsym";
				ENABLE_NS_ASSERTIONS = NO;
				ENABLE_STRICT_OBJC_MSGSEND = YES;
				ENABLE_USER_SCRIPT_SANDBOXING = YES;
				GCC_C_LANGUAGE_STANDARD = gnu17;
				GCC_NO_COMMON_BLOCKS = YES;
				GCC_WARN_64_TO_32_BIT_CONVERSION = YES;
				GCC_WARN_ABOUT_RETURN_TYPE = YES_ERROR;
				GCC_WARN_UNDECLARED_SELECTOR = YES;
				GCC_WARN_UNINITIALIZED_AUTOS = YES_AGGRESSIVE;
				GCC_WARN_UNUSED_FUNCTION = YES;
				GCC_WARN_UNUSED_VARIABLE = YES;
				IPHONEOS_DEPLOYMENT_TARGET = 18.5;
				LOCALIZATION_PREFERS_STRING_CATALOGS = YES;
				MTL_ENABLE_DEBUG_INFO = NO;
				MTL_FAST_MATH = YES;
				SDKROOT = iphoneos;
				SWIFT_COMPILATION_MODE = wholemodule;
				VALIDATE_PRODUCT = YES;
			};
			name = Release;
		};
		C17F09E92E73564100F37728 /* Debug */ = {
			isa = XCBuildConfiguration;
			buildSettings = {
				ASSETCATALOG_COMPILER_APPICON_NAME = AppIcon;
				ASSETCATALOG_COMPILER_GLOBAL_ACCENT_COLOR_NAME = AccentColor;
				CODE_SIGN_STYLE = Automatic;
				CURRENT_PROJECT_VERSION = 1;
				ENABLE_PREVIEWS = YES;
				GENERATE_INFOPLIST_FILE = YES;
				INFOPLIST_KEY_UIApplicationSceneManifest_Generation = YES;
				INFOPLIST_KEY_UIApplicationSupportsIndirectInputEvents = YES;
				INFOPLIST_KEY_UILaunchScreen_Generation = YES;
				INFOPLIST_KEY_UISupportedInterfaceOrientations_iPad = "UIInterfaceOrientationPortrait UIInterfaceOrientationPortraitUpsideDown UIInterfaceOrientationLandscapeLeft UIInterfaceOrientationLandscapeRight";
				INFOPLIST_KEY_UISupportedInterfaceOrientations_iPhone = "UIInterfaceOrientationPortrait UIInterfaceOrientationLandscapeLeft UIInterfaceOrientationLandscapeRight";
				LD_RUNPATH_SEARCH_PATHS = (
					"$(inherited)",
					"@executable_path/Frameworks",
				);
				MARKETING_VERSION = 1.0;
				PRODUCT_BUNDLE_IDENTIFIER = name.cesargonzalez.FantasyApp;
				PRODUCT_NAME = "$(TARGET_NAME)";
				SWIFT_EMIT_LOC_STRINGS = YES;
				SWIFT_VERSION = 5.0;
				TARGETED_DEVICE_FAMILY = "1,2";
			};
			name = Debug;
		};
		C17F09EA2E73564100F37728 /* Release */ = {
			isa = XCBuildConfiguration;
			buildSettings = {
				ASSETCATALOG_COMPILER_APPICON_NAME = AppIcon;
				ASSETCATALOG_COMPILER_GLOBAL_ACCENT_COLOR_NAME = AccentColor;
				CODE_SIGN_STYLE = Automatic;
				CURRENT_PROJECT_VERSION = 1;
				ENABLE_PREVIEWS = YES;
				GENERATE_INFOPLIST_FILE = YES;
				INFOPLIST_KEY_UIApplicationSceneManifest_Generation = YES;
				INFOPLIST_KEY_UIApplicationSupportsIndirectInputEvents = YES;
				INFOPLIST_KEY_UILaunchScreen_Generation = YES;
				INFOPLIST_KEY_UISupportedInterfaceOrientations_iPad = "UIInterfaceOrientationPortrait UIInterfaceOrientationPortraitUpsideDown UIInterfaceOrientationLandscapeLeft UIInterfaceOrientationLandscapeRight";
				INFOPLIST_KEY_UISupportedInterfaceOrientations_iPhone = "UIInterfaceOrientationPortrait UIInterfaceOrientationLandscapeLeft UIInterfaceOrientationLandscapeRight";
				LD_RUNPATH_SEARCH_PATHS = (
					"$(inherited)",
					"@executable_path/Frameworks",
				);
				MARKETING_VERSION = 1.0;
				PRODUCT_BUNDLE_IDENTIFIER = name.cesargonzalez.FantasyApp;
				PRODUCT_NAME = "$(TARGET_NAME)";
				SWIFT_EMIT_LOC_STRINGS = YES;
				SWIFT_VERSION = 5.0;
				TARGETED_DEVICE_FAMILY = "1,2";
			};
			name = Release;
		};
		C17F09EC2E73564100F37728 /* Debug */ = {
			isa = XCBuildConfiguration;
			buildSettings = {
				BUNDLE_LOADER = "$(TEST_HOST)";
				CODE_SIGN_STYLE = Automatic;
				CURRENT_PROJECT_VERSION = 1;
				GENERATE_INFOPLIST_FILE = YES;
				IPHONEOS_DEPLOYMENT_TARGET = 18.5;
				MARKETING_VERSION = 1.0;
				PRODUCT_BUNDLE_IDENTIFIER = name.cesargonzalez.FantasyAppTests;
				PRODUCT_NAME = "$(TARGET_NAME)";
				SWIFT_EMIT_LOC_STRINGS = NO;
				SWIFT_VERSION = 5.0;
				TARGETED_DEVICE_FAMILY = "1,2";
				TEST_HOST = "$(BUILT_PRODUCTS_DIR)/FantasyApp.app/$(BUNDLE_EXECUTABLE_FOLDER_PATH)/FantasyApp";
			};
			name = Debug;
		};
		C17F09ED2E73564100F37728 /* Release */ = {
			isa = XCBuildConfiguration;
			buildSettings = {
				BUNDLE_LOADER = "$(TEST_HOST)";
				CODE_SIGN_STYLE = Automatic;
				CURRENT_PROJECT_VERSION = 1;
				GENERATE_INFOPLIST_FILE = YES;
				IPHONEOS_DEPLOYMENT_TARGET = 18.5;
				MARKETING_VERSION = 1.0;
				PRODUCT_BUNDLE_IDENTIFIER = name.cesargonzalez.FantasyAppTests;
				PRODUCT_NAME = "$(TARGET_NAME)";
				SWIFT_EMIT_LOC_STRINGS = NO;
				SWIFT_VERSION = 5.0;
				TARGETED_DEVICE_FAMILY = "1,2";
				TEST_HOST = "$(BUILT_PRODUCTS_DIR)/FantasyApp.app/$(BUNDLE_EXECUTABLE_FOLDER_PATH)/FantasyApp";
			};
			name = Release;
		};
		C17F09EF2E73564100F37728 /* Debug */ = {
			isa = XCBuildConfiguration;
			buildSettings = {
				CODE_SIGN_STYLE = Automatic;
				CURRENT_PROJECT_VERSION = 1;
				GENERATE_INFOPLIST_FILE = YES;
				MARKETING_VERSION = 1.0;
				PRODUCT_BUNDLE_IDENTIFIER = name.cesargonzalez.FantasyAppUITests;
				PRODUCT_NAME = "$(TARGET_NAME)";
				SWIFT_EMIT_LOC_STRINGS = NO;
				SWIFT_VERSION = 5.0;
				TARGETED_DEVICE_FAMILY = "1,2";
				TEST_TARGET_NAME = FantasyApp;
			};
			name = Debug;
		};
		C17F09F02E73564100F37728 /* Release */ = {
			isa = XCBuildConfiguration;
			buildSettings = {
				CODE_SIGN_STYLE = Automatic;
				CURRENT_PROJECT_VERSION = 1;
				GENERATE_INFOPLIST_FILE = YES;
				MARKETING_VERSION = 1.0;
				PRODUCT_BUNDLE_IDENTIFIER = name.cesargonzalez.FantasyAppUITests;
				PRODUCT_NAME = "$(TARGET_NAME)";
				SWIFT_EMIT_LOC_STRINGS = NO;
				SWIFT_VERSION = 5.0;
				TARGETED_DEVICE_FAMILY = "1,2";
				TEST_TARGET_NAME = FantasyApp;
			};
			name = Release;
		};
/* End XCBuildConfiguration section */

/* Begin XCConfigurationList section */
		C17F09C22E73563F00F37728 /* Build configuration list for PBXProject "FantasyApp" */ = {
			isa = XCConfigurationList;
			buildConfigurations = (
				C17F09E62E73564100F37728 /* Debug */,
				C17F09E72E73564100F37728 /* Release */,
			);
			defaultConfigurationIsVisible = 0;
			defaultConfigurationName = Release;
		};
		C17F09E82E73564100F37728 /* Build configuration list for PBXNativeTarget "FantasyApp" */ = {
			isa = XCConfigurationList;
			buildConfigurations = (
				C17F09E92E73564100F37728 /* Debug */,
				C17F09EA2E73564100F37728 /* Release */,
			);
			defaultConfigurationIsVisible = 0;
			defaultConfigurationName = Release;
		};
		C17F09EB2E73564100F37728 /* Build configuration list for PBXNativeTarget "FantasyAppTests" */ = {
			isa = XCConfigurationList;
			buildConfigurations = (
				C17F09EC2E73564100F37728 /* Debug */,
				C17F09ED2E73564100F37728 /* Release */,
			);
			defaultConfigurationIsVisible = 0;
			defaultConfigurationName = Release;
		};
		C17F09EE2E73564100F37728 /* Build configuration list for PBXNativeTarget "FantasyAppUITests" */ = {
			isa = XCConfigurationList;
			buildConfigurations = (
				C17F09EF2E73564100F37728 /* Debug */,
				C17F09F02E73564100F37728 /* Release */,
			);
			defaultConfigurationIsVisible = 0;
			defaultConfigurationName = Release;
		};
/* End XCConfigurationList section */
	};
	rootObject = C17F09BF2E73563F00F37728 /* Project object */;
}
